// !$*UTF8*$!
{
	archiveVersion = 1;
	classes = {
	};
	objectVersion = 56;
	objects = {

/* Begin PBXBuildFile section */
		01FF77AB2C3EDA5600D3E93E /* AppDelegate.swift in Sources */ = {isa = PBXBuildFile; fileRef = 01FF77AA2C3EDA5600D3E93E /* AppDelegate.swift */; };
		01FF77AD2C3EDA5600D3E93E /* SceneDelegate.swift in Sources */ = {isa = PBXBuildFile; fileRef = 01FF77AC2C3EDA5600D3E93E /* SceneDelegate.swift */; };
		01FF77AF2C3EDA5600D3E93E /* UserVC.swift in Sources */ = {isa = PBXBuildFile; fileRef = 01FF77AE2C3EDA5600D3E93E /* UserVC.swift */; };
		01FF77B42C3EDA5800D3E93E /* Assets.xcassets in Resources */ = {isa = PBXBuildFile; fileRef = 01FF77B32C3EDA5800D3E93E /* Assets.xcassets */; };
		01FF77B72C3EDA5800D3E93E /* Base in Resources */ = {isa = PBXBuildFile; fileRef = 01FF77B62C3EDA5800D3E93E /* Base */; };
		01FF77C02C3EDAD100D3E93E /* TemplateVC.swift in Sources */ = {isa = PBXBuildFile; fileRef = 01FF77BF2C3EDAD100D3E93E /* TemplateVC.swift */; };
		01FF77C22C3EDADA00D3E93E /* MiscUtils.swift in Sources */ = {isa = PBXBuildFile; fileRef = 01FF77C12C3EDADA00D3E93E /* MiscUtils.swift */; };
		01FF77C42C3EDBB300D3E93E /* UserVcComponents.swift in Sources */ = {isa = PBXBuildFile; fileRef = 01FF77C32C3EDBB300D3E93E /* UserVcComponents.swift */; };
		01FF77C62C3EF4D900D3E93E /* DemoSwitchView.swift in Sources */ = {isa = PBXBuildFile; fileRef = 01FF77C52C3EF4D900D3E93E /* DemoSwitchView.swift */; };
		01FF77C82C3EFAD400D3E93E /* RegisterVC.swift in Sources */ = {isa = PBXBuildFile; fileRef = 01FF77C72C3EFAD400D3E93E /* RegisterVC.swift */; };
/* End PBXBuildFile section */

/* Begin PBXFileReference section */
		01FF77A72C3EDA5600D3E93E /* WhatSticks13UserVC.app */ = {isa = PBXFileReference; explicitFileType = wrapper.application; includeInIndex = 0; path = WhatSticks13UserVC.app; sourceTree = BUILT_PRODUCTS_DIR; };
		01FF77AA2C3EDA5600D3E93E /* AppDelegate.swift */ = {isa = PBXFileReference; lastKnownFileType = sourcecode.swift; path = AppDelegate.swift; sourceTree = "<group>"; };
		01FF77AC2C3EDA5600D3E93E /* SceneDelegate.swift */ = {isa = PBXFileReference; lastKnownFileType = sourcecode.swift; path = SceneDelegate.swift; sourceTree = "<group>"; };
		01FF77AE2C3EDA5600D3E93E /* UserVC.swift */ = {isa = PBXFileReference; lastKnownFileType = sourcecode.swift; path = UserVC.swift; sourceTree = "<group>"; };
		01FF77B32C3EDA5800D3E93E /* Assets.xcassets */ = {isa = PBXFileReference; lastKnownFileType = folder.assetcatalog; path = Assets.xcassets; sourceTree = "<group>"; };
		01FF77B62C3EDA5800D3E93E /* Base */ = {isa = PBXFileReference; lastKnownFileType = file.storyboard; name = Base; path = Base.lproj/LaunchScreen.storyboard; sourceTree = "<group>"; };
		01FF77B82C3EDA5800D3E93E /* Info.plist */ = {isa = PBXFileReference; lastKnownFileType = text.plist.xml; path = Info.plist; sourceTree = "<group>"; };
		01FF77BF2C3EDAD100D3E93E /* TemplateVC.swift */ = {isa = PBXFileReference; fileEncoding = 4; lastKnownFileType = sourcecode.swift; path = TemplateVC.swift; sourceTree = "<group>"; };
		01FF77C12C3EDADA00D3E93E /* MiscUtils.swift */ = {isa = PBXFileReference; fileEncoding = 4; lastKnownFileType = sourcecode.swift; path = MiscUtils.swift; sourceTree = "<group>"; };
		01FF77C32C3EDBB300D3E93E /* UserVcComponents.swift */ = {isa = PBXFileReference; fileEncoding = 4; lastKnownFileType = sourcecode.swift; path = UserVcComponents.swift; sourceTree = "<group>"; };
		01FF77C52C3EF4D900D3E93E /* DemoSwitchView.swift */ = {isa = PBXFileReference; lastKnownFileType = sourcecode.swift; path = DemoSwitchView.swift; sourceTree = "<group>"; };
		01FF77C72C3EFAD400D3E93E /* RegisterVC.swift */ = {isa = PBXFileReference; fileEncoding = 4; lastKnownFileType = sourcecode.swift; path = RegisterVC.swift; sourceTree = "<group>"; };
/* End PBXFileReference section */

/* Begin PBXFrameworksBuildPhase section */
		01FF77A42C3EDA5600D3E93E /* Frameworks */ = {
			isa = PBXFrameworksBuildPhase;
			buildActionMask = 2147483647;
			files = (
			);
			runOnlyForDeploymentPostprocessing = 0;
		};
/* End PBXFrameworksBuildPhase section */

/* Begin PBXGroup section */
		01FF779E2C3EDA5600D3E93E = {
			isa = PBXGroup;
			children = (
				01FF77A92C3EDA5600D3E93E /* WhatSticks13UserVC */,
				01FF77A82C3EDA5600D3E93E /* Products */,
			);
			sourceTree = "<group>";
		};
		01FF77A82C3EDA5600D3E93E /* Products */ = {
			isa = PBXGroup;
			children = (
				01FF77A72C3EDA5600D3E93E /* WhatSticks13UserVC.app */,
			);
			name = Products;
			sourceTree = "<group>";
		};
		01FF77A92C3EDA5600D3E93E /* WhatSticks13UserVC */ = {
			isa = PBXGroup;
			children = (
				01FF77AE2C3EDA5600D3E93E /* UserVC.swift */,
				01FF77C32C3EDBB300D3E93E /* UserVcComponents.swift */,
				01FF77C52C3EF4D900D3E93E /* DemoSwitchView.swift */,
				01FF77C72C3EFAD400D3E93E /* RegisterVC.swift */,
				01FF77BF2C3EDAD100D3E93E /* TemplateVC.swift */,
				01FF77C12C3EDADA00D3E93E /* MiscUtils.swift */,
				01FF77BE2C3EDA7300D3E93E /* Supporting */,
				01FF77B82C3EDA5800D3E93E /* Info.plist */,
			);
			path = WhatSticks13UserVC;
			sourceTree = "<group>";
		};
		01FF77BE2C3EDA7300D3E93E /* Supporting */ = {
			isa = PBXGroup;
			children = (
				01FF77AA2C3EDA5600D3E93E /* AppDelegate.swift */,
				01FF77AC2C3EDA5600D3E93E /* SceneDelegate.swift */,
				01FF77B32C3EDA5800D3E93E /* Assets.xcassets */,
				01FF77B52C3EDA5800D3E93E /* LaunchScreen.storyboard */,
			);
			path = Supporting;
			sourceTree = "<group>";
		};
/* End PBXGroup section */

/* Begin PBXNativeTarget section */
		01FF77A62C3EDA5600D3E93E /* WhatSticks13UserVC */ = {
			isa = PBXNativeTarget;
			buildConfigurationList = 01FF77BB2C3EDA5800D3E93E /* Build configuration list for PBXNativeTarget "WhatSticks13UserVC" */;
			buildPhases = (
				01FF77A32C3EDA5600D3E93E /* Sources */,
				01FF77A42C3EDA5600D3E93E /* Frameworks */,
				01FF77A52C3EDA5600D3E93E /* Resources */,
			);
			buildRules = (
			);
			dependencies = (
			);
			name = WhatSticks13UserVC;
			productName = WhatSticks13UserVC;
			productReference = 01FF77A72C3EDA5600D3E93E /* WhatSticks13UserVC.app */;
			productType = "com.apple.product-type.application";
		};
/* End PBXNativeTarget section */

/* Begin PBXProject section */
		01FF779F2C3EDA5600D3E93E /* Project object */ = {
			isa = PBXProject;
			attributes = {
				BuildIndependentTargetsInParallel = 1;
				LastSwiftUpdateCheck = 1540;
				LastUpgradeCheck = 1540;
				TargetAttributes = {
					01FF77A62C3EDA5600D3E93E = {
						CreatedOnToolsVersion = 15.4;
					};
				};
			};
			buildConfigurationList = 01FF77A22C3EDA5600D3E93E /* Build configuration list for PBXProject "WhatSticks13UserVC" */;
			compatibilityVersion = "Xcode 14.0";
			developmentRegion = en;
			hasScannedForEncodings = 0;
			knownRegions = (
				en,
				Base,
			);
			mainGroup = 01FF779E2C3EDA5600D3E93E;
			productRefGroup = 01FF77A82C3EDA5600D3E93E /* Products */;
			projectDirPath = "";
			projectRoot = "";
			targets = (
				01FF77A62C3EDA5600D3E93E /* WhatSticks13UserVC */,
			);
		};
/* End PBXProject section */

/* Begin PBXResourcesBuildPhase section */
		01FF77A52C3EDA5600D3E93E /* Resources */ = {
			isa = PBXResourcesBuildPhase;
			buildActionMask = 2147483647;
			files = (
				01FF77B42C3EDA5800D3E93E /* Assets.xcassets in Resources */,
				01FF77B72C3EDA5800D3E93E /* Base in Resources */,
			);
			runOnlyForDeploymentPostprocessing = 0;
		};
/* End PBXResourcesBuildPhase section */

/* Begin PBXSourcesBuildPhase section */
		01FF77A32C3EDA5600D3E93E /* Sources */ = {
			isa = PBXSourcesBuildPhase;
			buildActionMask = 2147483647;
			files = (
				01FF77C22C3EDADA00D3E93E /* MiscUtils.swift in Sources */,
				01FF77C82C3EFAD400D3E93E /* RegisterVC.swift in Sources */,
				01FF77C02C3EDAD100D3E93E /* TemplateVC.swift in Sources */,
				01FF77C62C3EF4D900D3E93E /* DemoSwitchView.swift in Sources */,
				01FF77AF2C3EDA5600D3E93E /* UserVC.swift in Sources */,
				01FF77C42C3EDBB300D3E93E /* UserVcComponents.swift in Sources */,
				01FF77AB2C3EDA5600D3E93E /* AppDelegate.swift in Sources */,
				01FF77AD2C3EDA5600D3E93E /* SceneDelegate.swift in Sources */,
			);
			runOnlyForDeploymentPostprocessing = 0;
		};
/* End PBXSourcesBuildPhase section */

/* Begin PBXVariantGroup section */
		01FF77B52C3EDA5800D3E93E /* LaunchScreen.storyboard */ = {
			isa = PBXVariantGroup;
			children = (
				01FF77B62C3EDA5800D3E93E /* Base */,
			);
			name = LaunchScreen.storyboard;
			sourceTree = "<group>";
		};
/* End PBXVariantGroup section */

/* Begin XCBuildConfiguration section */
		01FF77B92C3EDA5800D3E93E /* Debug */ = {
			isa = XCBuildConfiguration;
			buildSettings = {
				ALWAYS_SEARCH_USER_PATHS = NO;
				ASSETCATALOG_COMPILER_GENERATE_SWIFT_ASSET_SYMBOL_EXTENSIONS = YES;
				CLANG_ANALYZER_NONNULL = YES;
				CLANG_ANALYZER_NUMBER_OBJECT_CONVERSION = YES_AGGRESSIVE;
				CLANG_CXX_LANGUAGE_STANDARD = "gnu++20";
				CLANG_ENABLE_MODULES = YES;
				CLANG_ENABLE_OBJC_ARC = YES;
				CLANG_ENABLE_OBJC_WEAK = YES;
				CLANG_WARN_BLOCK_CAPTURE_AUTORELEASING = YES;
				CLANG_WARN_BOOL_CONVERSION = YES;
				CLANG_WARN_COMMA = YES;
				CLANG_WARN_CONSTANT_CONVERSION = YES;
				CLANG_WARN_DEPRECATED_OBJC_IMPLEMENTATIONS = YES;
				CLANG_WARN_DIRECT_OBJC_ISA_USAGE = YES_ERROR;
				CLANG_WARN_DOCUMENTATION_COMMENTS = YES;
				CLANG_WARN_EMPTY_BODY = YES;
				CLANG_WARN_ENUM_CONVERSION = YES;
				CLANG_WARN_INFINITE_RECURSION = YES;
				CLANG_WARN_INT_CONVERSION = YES;
				CLANG_WARN_NON_LITERAL_NULL_CONVERSION = YES;
				CLANG_WARN_OBJC_IMPLICIT_RETAIN_SELF = YES;
				CLANG_WARN_OBJC_LITERAL_CONVERSION = YES;
				CLANG_WARN_OBJC_ROOT_CLASS = YES_ERROR;
				CLANG_WARN_QUOTED_INCLUDE_IN_FRAMEWORK_HEADER = YES;
				CLANG_WARN_RANGE_LOOP_ANALYSIS = YES;
				CLANG_WARN_STRICT_PROTOTYPES = YES;
				CLANG_WARN_SUSPICIOUS_MOVE = YES;
				CLANG_WARN_UNGUARDED_AVAILABILITY = YES_AGGRESSIVE;
				CLANG_WARN_UNREACHABLE_CODE = YES;
				CLANG_WARN__DUPLICATE_METHOD_MATCH = YES;
				COPY_PHASE_STRIP = NO;
				DEBUG_INFORMATION_FORMAT = dwarf;
				ENABLE_STRICT_OBJC_MSGSEND = YES;
				ENABLE_TESTABILITY = YES;
				ENABLE_USER_SCRIPT_SANDBOXING = YES;
				GCC_C_LANGUAGE_STANDARD = gnu17;
				GCC_DYNAMIC_NO_PIC = NO;
				GCC_NO_COMMON_BLOCKS = YES;
				GCC_OPTIMIZATION_LEVEL = 0;
				GCC_PREPROCESSOR_DEFINITIONS = (
					"DEBUG=1",
					"$(inherited)",
				);
				GCC_WARN_64_TO_32_BIT_CONVERSION = YES;
				GCC_WARN_ABOUT_RETURN_TYPE = YES_ERROR;
				GCC_WARN_UNDECLARED_SELECTOR = YES;
				GCC_WARN_UNINITIALIZED_AUTOS = YES_AGGRESSIVE;
				GCC_WARN_UNUSED_FUNCTION = YES;
				GCC_WARN_UNUSED_VARIABLE = YES;
				IPHONEOS_DEPLOYMENT_TARGET = 17.5;
				LOCALIZATION_PREFERS_STRING_CATALOGS = YES;
				MTL_ENABLE_DEBUG_INFO = INCLUDE_SOURCE;
				MTL_FAST_MATH = YES;
				ONLY_ACTIVE_ARCH = YES;
				SDKROOT = iphoneos;
				SWIFT_ACTIVE_COMPILATION_CONDITIONS = "DEBUG $(inherited)";
				SWIFT_OPTIMIZATION_LEVEL = "-Onone";
			};
			name = Debug;
		};
		01FF77BA2C3EDA5800D3E93E /* Release */ = {
			isa = XCBuildConfiguration;
			buildSettings = {
				ALWAYS_SEARCH_USER_PATHS = NO;
				ASSETCATALOG_COMPILER_GENERATE_SWIFT_ASSET_SYMBOL_EXTENSIONS = YES;
				CLANG_ANALYZER_NONNULL = YES;
				CLANG_ANALYZER_NUMBER_OBJECT_CONVERSION = YES_AGGRESSIVE;
				CLANG_CXX_LANGUAGE_STANDARD = "gnu++20";
				CLANG_ENABLE_MODULES = YES;
				CLANG_ENABLE_OBJC_ARC = YES;
				CLANG_ENABLE_OBJC_WEAK = YES;
				CLANG_WARN_BLOCK_CAPTURE_AUTORELEASING = YES;
				CLANG_WARN_BOOL_CONVERSION = YES;
				CLANG_WARN_COMMA = YES;
				CLANG_WARN_CONSTANT_CONVERSION = YES;
				CLANG_WARN_DEPRECATED_OBJC_IMPLEMENTATIONS = YES;
				CLANG_WARN_DIRECT_OBJC_ISA_USAGE = YES_ERROR;
				CLANG_WARN_DOCUMENTATION_COMMENTS = YES;
				CLANG_WARN_EMPTY_BODY = YES;
				CLANG_WARN_ENUM_CONVERSION = YES;
				CLANG_WARN_INFINITE_RECURSION = YES;
				CLANG_WARN_INT_CONVERSION = YES;
				CLANG_WARN_NON_LITERAL_NULL_CONVERSION = YES;
				CLANG_WARN_OBJC_IMPLICIT_RETAIN_SELF = YES;
				CLANG_WARN_OBJC_LITERAL_CONVERSION = YES;
				CLANG_WARN_OBJC_ROOT_CLASS = YES_ERROR;
				CLANG_WARN_QUOTED_INCLUDE_IN_FRAMEWORK_HEADER = YES;
				CLANG_WARN_RANGE_LOOP_ANALYSIS = YES;
				CLANG_WARN_STRICT_PROTOTYPES = YES;
				CLANG_WARN_SUSPICIOUS_MOVE = YES;
				CLANG_WARN_UNGUARDED_AVAILABILITY = YES_AGGRESSIVE;
				CLANG_WARN_UNREACHABLE_CODE = YES;
				CLANG_WARN__DUPLICATE_METHOD_MATCH = YES;
				COPY_PHASE_STRIP = NO;
				DEBUG_INFORMATION_FORMAT = "dwarf-with-dsym";
				ENABLE_NS_ASSERTIONS = NO;
				ENABLE_STRICT_OBJC_MSGSEND = YES;
				ENABLE_USER_SCRIPT_SANDBOXING = YES;
				GCC_C_LANGUAGE_STANDARD = gnu17;
				GCC_NO_COMMON_BLOCKS = YES;
				GCC_WARN_64_TO_32_BIT_CONVERSION = YES;
				GCC_WARN_ABOUT_RETURN_TYPE = YES_ERROR;
				GCC_WARN_UNDECLARED_SELECTOR = YES;
				GCC_WARN_UNINITIALIZED_AUTOS = YES_AGGRESSIVE;
				GCC_WARN_UNUSED_FUNCTION = YES;
				GCC_WARN_UNUSED_VARIABLE = YES;
				IPHONEOS_DEPLOYMENT_TARGET = 17.5;
				LOCALIZATION_PREFERS_STRING_CATALOGS = YES;
				MTL_ENABLE_DEBUG_INFO = NO;
				MTL_FAST_MATH = YES;
				SDKROOT = iphoneos;
				SWIFT_COMPILATION_MODE = wholemodule;
				VALIDATE_PRODUCT = YES;
			};
			name = Release;
		};
		01FF77BC2C3EDA5800D3E93E /* Debug */ = {
			isa = XCBuildConfiguration;
			buildSettings = {
				ASSETCATALOG_COMPILER_APPICON_NAME = AppIcon;
				ASSETCATALOG_COMPILER_GLOBAL_ACCENT_COLOR_NAME = AccentColor;
				CODE_SIGN_STYLE = Automatic;
				CURRENT_PROJECT_VERSION = 1;
				DEVELOPMENT_TEAM = GL5QL25H5M;
				GENERATE_INFOPLIST_FILE = YES;
				INFOPLIST_FILE = WhatSticks13UserVC/Info.plist;
				INFOPLIST_KEY_UIApplicationSupportsIndirectInputEvents = YES;
				INFOPLIST_KEY_UILaunchStoryboardName = LaunchScreen;
				INFOPLIST_KEY_UISupportedInterfaceOrientations_iPad = "UIInterfaceOrientationPortrait UIInterfaceOrientationPortraitUpsideDown UIInterfaceOrientationLandscapeLeft UIInterfaceOrientationLandscapeRight";
				INFOPLIST_KEY_UISupportedInterfaceOrientations_iPhone = "UIInterfaceOrientationPortrait UIInterfaceOrientationLandscapeLeft UIInterfaceOrientationLandscapeRight";
				LD_RUNPATH_SEARCH_PATHS = (
					"$(inherited)",
					"@executable_path/Frameworks",
				);
				MARKETING_VERSION = 1.0;
				PRODUCT_BUNDLE_IDENTIFIER = "info.nick-rodriguez.WhatSticks13UserVC";
				PRODUCT_NAME = "$(TARGET_NAME)";
				SWIFT_EMIT_LOC_STRINGS = YES;
				SWIFT_VERSION = 5.0;
				TARGETED_DEVICE_FAMILY = "1,2";
			};
			name = Debug;
		};
		01FF77BD2C3EDA5800D3E93E /* Release */ = {
			isa = XCBuildConfiguration;
			buildSettings = {
				ASSETCATALOG_COMPILER_APPICON_NAME = AppIcon;
				ASSETCATALOG_COMPILER_GLOBAL_ACCENT_COLOR_NAME = AccentColor;
				CODE_SIGN_STYLE = Automatic;
				CURRENT_PROJECT_VERSION = 1;
				DEVELOPMENT_TEAM = GL5QL25H5M;
				GENERATE_INFOPLIST_FILE = YES;
				INFOPLIST_FILE = WhatSticks13UserVC/Info.plist;
				INFOPLIST_KEY_UIApplicationSupportsIndirectInputEvents = YES;
				INFOPLIST_KEY_UILaunchStoryboardName = LaunchScreen;
				INFOPLIST_KEY_UISupportedInterfaceOrientations_iPad = "UIInterfaceOrientationPortrait UIInterfaceOrientationPortraitUpsideDown UIInterfaceOrientationLandscapeLeft UIInterfaceOrientationLandscapeRight";
				INFOPLIST_KEY_UISupportedInterfaceOrientations_iPhone = "UIInterfaceOrientationPortrait UIInterfaceOrientationLandscapeLeft UIInterfaceOrientationLandscapeRight";
				LD_RUNPATH_SEARCH_PATHS = (
					"$(inherited)",
					"@executable_path/Frameworks",
				);
				MARKETING_VERSION = 1.0;
				PRODUCT_BUNDLE_IDENTIFIER = "info.nick-rodriguez.WhatSticks13UserVC";
				PRODUCT_NAME = "$(TARGET_NAME)";
				SWIFT_EMIT_LOC_STRINGS = YES;
				SWIFT_VERSION = 5.0;
				TARGETED_DEVICE_FAMILY = "1,2";
			};
			name = Release;
		};
/* End XCBuildConfiguration section */

/* Begin XCConfigurationList section */
		01FF77A22C3EDA5600D3E93E /* Build configuration list for PBXProject "WhatSticks13UserVC" */ = {
			isa = XCConfigurationList;
			buildConfigurations = (
				01FF77B92C3EDA5800D3E93E /* Debug */,
				01FF77BA2C3EDA5800D3E93E /* Release */,
			);
			defaultConfigurationIsVisible = 0;
			defaultConfigurationName = Release;
		};
		01FF77BB2C3EDA5800D3E93E /* Build configuration list for PBXNativeTarget "WhatSticks13UserVC" */ = {
			isa = XCConfigurationList;
			buildConfigurations = (
				01FF77BC2C3EDA5800D3E93E /* Debug */,
				01FF77BD2C3EDA5800D3E93E /* Release */,
			);
			defaultConfigurationIsVisible = 0;
			defaultConfigurationName = Release;
		};
/* End XCConfigurationList section */
	};
	rootObject = 01FF779F2C3EDA5600D3E93E /* Project object */;
}
